
Microsoft Visual Studio Solution File, Format Version 12.00
# Visual Studio Version 16
VisualStudioVersion = 16.0.31402.337
MinimumVisualStudioVersion = 10.0.40219.1
Project("{FAE04EC0-301F-11D3-BF4B-00C04F79EFBC}") = "ActioItemWebAPI", "ActioItemWebAPI.csproj", "{AF674892-14AC-4F25-82F2-0435A47A07D7}"
EndProject
Global
	GlobalSection(SolutionConfigurationPlatforms) = preSolution
		Debug|Any CPU = Debug|Any CPU
		Release|Any CPU = Release|Any CPU
	EndGlobalSection
	GlobalSection(ProjectConfigurationPlatforms) = postSolution
		{AF674892-14AC-4F25-82F2-0435A47A07D7}.Debug|Any CPU.ActiveCfg = Debug|Any CPU
		{AF674892-14AC-4F25-82F2-0435A47A07D7}.Debug|Any CPU.Build.0 = Debug|Any CPU
		{AF674892-14AC-4F25-82F2-0435A47A07D7}.Release|Any CPU.ActiveCfg = Release|Any CPU
		{AF674892-14AC-4F25-82F2-0435A47A07D7}.Release|Any CPU.Build.0 = Release|Any CPU
	EndGlobalSection
	GlobalSection(SolutionProperties) = preSolution
		HideSolutionNode = FALSE
	EndGlobalSection
	GlobalSection(ExtensibilityGlobals) = postSolution
		SolutionGuid = {AAF3DCDA-9B47-4CFF-BACC-6951C038CEB9}
	EndGlobalSection
EndGlobal
